{
  "format_version": "1.1",
  "terraform_version": "1.3.3",
  "variables": {
    "ami": {
      "value": "ami-005e54dee72cc1d00"
    },
    "instance_type": {
      "value": "t2.micro"
    },
    "network_interface_id": {
      "value": "network_id_from_aws"
    }
  },
  "planned_values": {
    "root_module": {
      "resources": [
        {
          "address": "aws_instance.web-server",
          "mode": "managed",
          "type": "aws_instance",
          "name": "web-server",
          "provider_name": "registry.terraform.io/hashicorp/aws",
          "schema_version": 1,
          "values": {
            "ami": "ami-005e54dee72cc1d00",
            "credit_specification": [],
            "get_password_data": false,
            "hibernation": null,
            "instance_type": "t2.micro",
            "launch_template": [],
            "network_interface": [
              {
                "delete_on_termination": false,
                "device_index": 0,
                "network_card_index": 0,
                "network_interface_id": "network_id_from_aws"
              }
            ],
            "source_dest_check": null,
            "tags": {
              "department": "engineering",
              "environment": "development"
            },
            "tags_all": {
              "department": "engineering",
              "environment": "development"
            },
            "timeouts": null,
            "user_data_replace_on_change": false,
            "volume_tags": null
          },
          "sensitive_values": {
            "capacity_reservation_specification": [],
            "credit_specification": [],
            "ebs_block_device": [],
            "enclave_options": [],
            "ephemeral_block_device": [],
            "ipv6_addresses": [],
            "launch_template": [],
            "maintenance_options": [],
            "metadata_options": [],
            "network_interface": [
              {}
            ],
            "private_dns_name_options": [],
            "root_block_device": [],
            "secondary_private_ips": [],
            "security_groups": [],
            "tags": {},
            "tags_all": {},
            "vpc_security_group_ids": []
          }
        }
      ]
    }
  },
  "resource_changes": [
    {
      "address": "aws_instance.web-server",
      "mode": "managed",
      "type": "aws_instance",
      "name": "web-server",
      "provider_name": "registry.terraform.io/hashicorp/aws",
      "change": {
        "actions": [
          "create"
        ],
        "before": null,
        "after": {
          "ami": "ami-005e54dee72cc1d00",
          "credit_specification": [],
          "get_password_data": false,
          "hibernation": null,
          "instance_type": "t2.micro",
          "launch_template": [],
          "network_interface": [
            {
              "delete_on_termination": false,
              "device_index": 0,
              "network_card_index": 0,
              "network_interface_id": "network_id_from_aws"
            }
          ],
          "source_dest_check": null,
          "tags": {
            "department": "engineering",
            "environment": "development"
          },
          "tags_all": {
            "department": "engineering",
            "environment": "development"
          },
          "timeouts": null,
          "user_data_replace_on_change": false,
          "volume_tags": null
        },
        "after_unknown": {
          "arn": true,
          "associate_public_ip_address": true,
          "availability_zone": true,
          "capacity_reservation_specification": true,
          "cpu_core_count": true,
          "cpu_threads_per_core": true,
          "credit_specification": [],
          "disable_api_stop": true,
          "disable_api_termination": true,
          "ebs_block_device": true,
          "ebs_optimized": true,
          "enclave_options": true,
          "ephemeral_block_device": true,
          "host_id": true,
          "host_resource_group_arn": true,
          "iam_instance_profile": true,
          "id": true,
          "instance_initiated_shutdown_behavior": true,
          "instance_state": true,
          "ipv6_address_count": true,
          "ipv6_addresses": true,
          "key_name": true,
          "launch_template": [],
          "maintenance_options": true,
          "metadata_options": true,
          "monitoring": true,
          "network_interface": [
            {}
          ],
          "outpost_arn": true,
          "password_data": true,
          "placement_group": true,
          "placement_partition_number": true,
          "primary_network_interface_id": true,
          "private_dns": true,
          "private_dns_name_options": true,
          "private_ip": true,
          "public_dns": true,
          "public_ip": true,
          "root_block_device": true,
          "secondary_private_ips": true,
          "security_groups": true,
          "subnet_id": true,
          "tags": {},
          "tags_all": {},
          "tenancy": true,
          "user_data": true,
          "user_data_base64": true,
          "vpc_security_group_ids": true
        },
        "before_sensitive": false,
        "after_sensitive": {
          "capacity_reservation_specification": [],
          "credit_specification": [],
          "ebs_block_device": [],
          "enclave_options": [],
          "ephemeral_block_device": [],
          "ipv6_addresses": [],
          "launch_template": [],
          "maintenance_options": [],
          "metadata_options": [],
          "network_interface": [
            {}
          ],
          "private_dns_name_options": [],
          "root_block_device": [],
          "secondary_private_ips": [],
          "security_groups": [],
          "tags": {},
          "tags_all": {},
          "vpc_security_group_ids": []
        }
      }
    }
  ],
  "configuration": {
    "provider_config": {
      "aws": {
        "name": "aws",
        "full_name": "registry.terraform.io/hashicorp/aws",
        "version_constraint": "4.50.0",
        "expressions": {
          "region": {
            "constant_value": "us-east-1"
          },
          "shared_credentials_files": {
            "constant_value": [
              "~/.aws/credentials"
            ]
          }
        }
      }
    },
    "root_module": {
      "resources": [
        {
          "address": "aws_instance.web-server",
          "mode": "managed",
          "type": "aws_instance",
          "name": "web-server",
          "provider_config_key": "aws",
          "expressions": {
            "ami": {
              "references": [
                "var.ami"
              ]
            },
            "instance_type": {
              "references": [
                "var.instance_type"
              ]
            },
            "network_interface": [
              {
                "device_index": {
                  "constant_value": 0
                },
                "network_interface_id": {
                  "references": [
                    "var.network_interface_id"
                  ]
                }
              }
            ],
            "tags": {
              "constant_value": {
                "department": "engineering",
                "environment": "development"
              }
            }
          },
          "schema_version": 1
        }
      ],
      "variables": {
        "ami": {
          "default": "ami-005e54dee72cc1d00"
        },
        "instance_type": {
          "default": "t2.micro"
        },
        "network_interface_id": {
          "default": "network_id_from_aws"
        }
      }
    }
  }
}
