{
  "format_version": "1.1",
  "terraform_version": "1.3.3",
  "planned_values": {
    "root_module": {
      "resources": [
        {
          "address": "aws_s3_bucket.b",
          "mode": "managed",
          "type": "aws_s3_bucket",
          "name": "b",
          "provider_name": "registry.terraform.io/hashicorp/aws",
          "schema_version": 0,
          "values": {
            "acl": "private",
            "bucket_prefix": "dms-bucket-dev",
            "force_destroy": true,
            "tags": {
              "Costcenter": "Research",
              "Environment": "Dev"
            },
            "tags_all": {
              "Costcenter": "Research",
              "Environment": "Dev"
            },
            "timeouts": null,
            "versioning": [
              {
                "enabled": true,
                "mfa_delete": false
              }
            ]
          },
          "sensitive_values": {
            "cors_rule": [],
            "grant": [],
            "lifecycle_rule": [],
            "logging": [],
            "object_lock_configuration": [],
            "replication_configuration": [],
            "server_side_encryption_configuration": [],
            "tags": {},
            "tags_all": {},
            "versioning": [
              {}
            ],
            "website": []
          }
        }
      ]
    }
  },
  "resource_changes": [
    {
      "address": "aws_s3_bucket.b",
      "mode": "managed",
      "type": "aws_s3_bucket",
      "name": "b",
      "provider_name": "registry.terraform.io/hashicorp/aws",
      "change": {
        "actions": [
          "create"
        ],
        "before": null,
        "after": {
          "acl": "private",
          "bucket_prefix": "dms-bucket-dev",
          "force_destroy": true,
          "tags": {
            "Costcenter": "Research",
            "Environment": "Dev"
          },
          "tags_all": {
            "Costcenter": "Research",
            "Environment": "Dev"
          },
          "timeouts": null,
          "versioning": [
            {
              "enabled": true,
              "mfa_delete": false
            }
          ]
        },
        "after_unknown": {
          "acceleration_status": true,
          "arn": true,
          "bucket": true,
          "bucket_domain_name": true,
          "bucket_regional_domain_name": true,
          "cors_rule": true,
          "grant": true,
          "hosted_zone_id": true,
          "id": true,
          "lifecycle_rule": true,
          "logging": true,
          "object_lock_configuration": true,
          "object_lock_enabled": true,
          "policy": true,
          "region": true,
          "replication_configuration": true,
          "request_payer": true,
          "server_side_encryption_configuration": true,
          "tags": {},
          "tags_all": {},
          "versioning": [
            {}
          ],
          "website": true,
          "website_domain": true,
          "website_endpoint": true
        },
        "before_sensitive": false,
        "after_sensitive": {
          "cors_rule": [],
          "grant": [],
          "lifecycle_rule": [],
          "logging": [],
          "object_lock_configuration": [],
          "replication_configuration": [],
          "server_side_encryption_configuration": [],
          "tags": {},
          "tags_all": {},
          "versioning": [
            {}
          ],
          "website": []
        }
      }
    }
  ],
  "configuration": {
    "provider_config": {
      "aws": {
        "name": "aws",
        "full_name": "registry.terraform.io/hashicorp/aws",
        "version_constraint": "4.50.0",
        "expressions": {
          "region": {
            "constant_value": "us-east-1"
          },
          "shared_credentials_files": {
            "constant_value": [
              "~/.aws/credentials"
            ]
          }
        }
      }
    },
    "root_module": {
      "resources": [
        {
          "address": "aws_s3_bucket.b",
          "mode": "managed",
          "type": "aws_s3_bucket",
          "name": "b",
          "provider_config_key": "aws",
          "expressions": {
            "acl": {
              "constant_value": "private"
            },
            "bucket_prefix": {
              "constant_value": "dms-bucket-dev"
            },
            "force_destroy": {
              "constant_value": true
            },
            "tags": {
              "constant_value": {
                "Costcenter": "Research",
                "Environment": "Dev"
              }
            },
            "versioning": [
              {
                "enabled": {
                  "constant_value": true
                }
              }
            ]
          },
          "schema_version": 0
        }
      ]
    }
  }
}
